<?xml version="1.0" encoding="utf-8"?>
<Project ToolsVersion="4.0" xmlns="http://schemas.microsoft.com/developer/msbuild/2003">
  <ItemGroup>
    <ClInclude Include="WinApp\WinApp.h" />
    <ClInclude Include="Source\Platform\WinApp.h" />
    <ClInclude Include="Source\Platform\InputManager.h" />
    <ClInclude Include="Source\Scene\Camera.h" />
    <ClInclude Include="Source\Resources\Texture.h" />
    <ClInclude Include="Source\Graphics\GraphicsDevice.h" />
    <ClInclude Include="Source\Graphics\RenderSurface.h" />
    <ClInclude Include="Source\Graphics\PipelineStates.h" />
    <ClInclude Include="Source\Graphics\Renderer.h" />
    <ClInclude Include="Source\Scene\Object.h" />
    <ClInclude Include="Source\Scene\World.h" />
    <ClInclude Include="Source\Resources\Mesh.h" />
    <ClInclude Include="Source\Resources\Shader.h" />
    <ClInclude Include="Source\Platform\Game.h" />
    <ClInclude Include="Source\Platform\Utility.h" />
    <ClInclude Include="Source\Resources\Model.h" />
    <ClInclude Include="Source\Resources\ModelPart.h" />
  </ItemGroup>
  <ItemGroup>
    <ClCompile Include="Source\Platform\WinMain.cpp" />
    <ClCompile Include="Source\Platform\WinApp.cpp" />
    <ClCompile Include="Source\Platform\InputManager.cpp" />
    <ClCompile Include="Source\Scene\Camera.cpp" />
    <ClCompile Include="Source\Resources\Texture.cpp" />
    <ClCompile Include="Source\Graphics\GraphicsDevice.cpp" />
    <ClCompile Include="Source\Graphics\Renderer.cpp" />
    <ClCompile Include="Source\Graphics\PipelineStates.cpp" />
    <ClCompile Include="Source\Graphics\RenderSurface.cpp" />
    <ClCompile Include="Source\Resources\Mesh.cpp" />
    <ClCompile Include="Source\Resources\Shader.cpp" />
    <ClCompile Include="Source\Platform\Game.cpp" />
    <ClCompile Include="Source\Scene\World.cpp" />
    <ClCompile Include="Source\Scene\Object.cpp" />
    <ClCompile Include="Source\Resources\Model.cpp" />
    <ClCompile Include="Source\Resources\ModelPart.cpp" />
  </ItemGroup>
  <ItemGroup>
    <FxCompile Include="Resource\Shader\vertex.hlsl" />
    <FxCompile Include="Resource\Shader\pixel.hlsl" />
  </ItemGroup>
</Project>